{
  "name": "astromind",
  "version": "0.1.0",
  "lockfileVersion": 2,
  "requires": true,
  "packages": {
    "": {
      "name": "astromind",
      "version": "0.1.0",
      "private": true,
      "dependencies": {
        "react": "^18.2.0",
        "react-dom": "^18.2.0",
        "next": "^14.0.0"
      },
      "devDependencies": {
        "eslint": "^8.50.0",
        "eslint-config-next": "^14.0.0"
      }
    },
    "node_modules/react": {
      "version": "18.2.0",
      "resolved": "https://registry.npmjs.org/react/-/react-18.2.0.tgz",
      "dependencies": {
        "loose-envify": "^1.1.0"
      },
      "engines": {
        "node": ">=0.10.0"
      }
    },
    "node_modules/react-dom": {
      "version": "18.2.0",
      "resolved": "https://registry.npmjs.org/react-dom/-/react-dom-18.2.0.tgz",
      "dependencies": {
        "loose-envify": "^1.1.0",
        "scheduler": "^0.23.0"
      },
      "engines": {
        "node": ">=0.10.0"
      }
    },
    "node_modules/next": {
      "version": "14.0.0",
      "resolved": "https://registry.npmjs.org/next/-/next-14.0.0.tgz"
    },
    "node_modules/loose-envify": {
      "version": "1.4.0",
      "resolved": "https://registry.npmjs.org/loose-envify/-/loose-envify-1.4.0.tgz"
    },
    "node_modules/scheduler": {
      "version": "0.23.0",
      "resolved": "https://registry.npmjs.org/scheduler/-/scheduler-0.23.0.tgz",
      "dependencies": {
        "loose-envify": "^1.1.0"
      }
    },
    "node_modules/eslint": {
      "version": "8.50.0",
      "resolved": "https://registry.npmjs.org/eslint/-/eslint-8.50.0.tgz"
    },
    "node_modules/eslint-config-next": {
      "version": "14.0.0",
      "resolved": "https://registry.npmjs.org/eslint-config-next/-/eslint-config-next-14.0.0.tgz"
    }
  }
}
